
Microsoft Visual Studio Solution File, Format Version 12.00
# Visual Studio Version 17
VisualStudioVersion = 17.11.35312.102
MinimumVisualStudioVersion = 10.0.40219.1
Project("{FAE04EC0-301F-11D3-BF4B-00C04F79EFBC}") = "Thread_Synchronization", "Thread_Synchronization.csproj", "{9F22702D-95A0-466E-A266-F47049F7291A}"
EndProject
Global
	GlobalSection(SolutionConfigurationPlatforms) = preSolution
		Debug|Any CPU = Debug|Any CPU
		Release|Any CPU = Release|Any CPU
	EndGlobalSection
	GlobalSection(ProjectConfigurationPlatforms) = postSolution
		{9F22702D-95A0-466E-A266-F47049F7291A}.Debug|Any CPU.ActiveCfg = Debug|Any CPU
		{9F22702D-95A0-466E-A266-F47049F7291A}.Debug|Any CPU.Build.0 = Debug|Any CPU
		{9F22702D-95A0-466E-A266-F47049F7291A}.Release|Any CPU.ActiveCfg = Release|Any CPU
		{9F22702D-95A0-466E-A266-F47049F7291A}.Release|Any CPU.Build.0 = Release|Any CPU
	EndGlobalSection
	GlobalSection(SolutionProperties) = preSolution
		HideSolutionNode = FALSE
	EndGlobalSection
	GlobalSection(ExtensibilityGlobals) = postSolution
		SolutionGuid = {85BD8F07-D4A5-4933-B71A-631838C72EDF}
	EndGlobalSection
EndGlobal
